{
  "name": "co-pilot-security-marketplace-platform-lifecycle-sync-fix",
  "version": "4.0.12",
  "lockfileVersion": 3,
  "requires": true,
  "packages": {
    "": {
      "name": "co-pilot-security-marketplace-platform-lifecycle-sync-fix",
      "version": "4.0.12",
      "devDependencies": {},
      "engines": {
        "node": ">=18"
      }
    }
  }
}
