{
  "name": "co-pilot-security-marketplace-data-foundation",
  "version": "4.0.0",
  "lockfileVersion": 3,
  "requires": true,
  "packages": {
    "": {
      "name": "co-pilot-security-marketplace-data-foundation",
      "version": "4.0.0",
      "devDependencies": {},
      "engines": {
        "node": ">=18"
      }
    }
  }
}
